<?xml version="1.0" encoding="utf-8"?>
<Project ToolsVersion="4.0" xmlns="http://schemas.microsoft.com/developer/msbuild/2003">
  <ItemGroup>
    <Filter Include="소스 파일">
      <UniqueIdentifier>{4FC737F1-C7A5-4376-A066-2A32D752A2FF}</UniqueIdentifier>
      <Extensions>cpp;c;cc;cxx;c++;cppm;ixx;def;odl;idl;hpj;bat;asm;asmx</Extensions>
    </Filter>
    <Filter Include="헤더 파일">
      <UniqueIdentifier>{93995380-89BD-4b04-88EB-625FBE52EBFB}</UniqueIdentifier>
      <Extensions>h;hh;hpp;hxx;h++;hm;inl;inc;ipp;xsd</Extensions>
    </Filter>
    <Filter Include="리소스 파일">
      <UniqueIdentifier>{67DA6AB6-F800-4c08-8B7A-83BB121AAD01}</UniqueIdentifier>
      <Extensions>rc;ico;cur;bmp;dlg;rc2;rct;bin;rgs;gif;jpg;jpeg;jpe;resx;tiff;tif;png;wav;mfcribbon-ms</Extensions>
    </Filter>
    <Filter Include="GameObject">
      <UniqueIdentifier>{3505ee35-8236-4d60-9f32-2ecad1de120b}</UniqueIdentifier>
    </Filter>
    <Filter Include="Manager">
      <UniqueIdentifier>{2266b514-f736-4c2d-b5c7-d54f9cc71018}</UniqueIdentifier>
    </Filter>
    <Filter Include="HighLevelnterface">
      <UniqueIdentifier>{3de67488-0b62-4081-a694-0105e85d0459}</UniqueIdentifier>
    </Filter>
    <Filter Include="Component">
      <UniqueIdentifier>{55756bb2-b42b-4c66-9749-e6ef9dd94580}</UniqueIdentifier>
    </Filter>
    <Filter Include="Scene">
      <UniqueIdentifier>{fff6cff6-f726-44e2-a548-843a9d18eea6}</UniqueIdentifier>
    </Filter>
    <Filter Include="Common">
      <UniqueIdentifier>{ac8a6bf3-b44f-4857-a822-e4d64b340e79}</UniqueIdentifier>
    </Filter>
    <Filter Include="Resource">
      <UniqueIdentifier>{ed067cc0-6794-4429-a988-11c5ebac6c5a}</UniqueIdentifier>
    </Filter>
    <Filter Include="Engine">
      <UniqueIdentifier>{2f1b32c7-b028-45a4-b3d4-a5b5e5cbf07f}</UniqueIdentifier>
    </Filter>
    <Filter Include="Component\Base">
      <UniqueIdentifier>{cd91c937-3bab-42b0-b3c4-f71b77172e36}</UniqueIdentifier>
    </Filter>
    <Filter Include="GameObject\Base">
      <UniqueIdentifier>{f9447b29-0c73-4b6b-9e6a-df85db57de19}</UniqueIdentifier>
    </Filter>
    <Filter Include="Resource\Base">
      <UniqueIdentifier>{9f55254c-710e-42cd-b832-fa276a1ff0d9}</UniqueIdentifier>
    </Filter>
    <Filter Include="Scene\Base">
      <UniqueIdentifier>{4469bc7e-07f3-4df7-9393-839c210a5de6}</UniqueIdentifier>
    </Filter>
    <Filter Include="GameObject\Tile">
      <UniqueIdentifier>{2c64c16f-2f87-4b77-99dc-60a2a8a629ef}</UniqueIdentifier>
    </Filter>
    <Filter Include="GameObject\Game">
      <UniqueIdentifier>{b565c428-5851-4d08-9c06-f034940474fd}</UniqueIdentifier>
    </Filter>
    <Filter Include="GameObject\Game\Monster">
      <UniqueIdentifier>{c02dfe4e-0e98-4e74-acd5-034fddbfe6e0}</UniqueIdentifier>
    </Filter>
    <Filter Include="GameObject\UI">
      <UniqueIdentifier>{22721b8e-0137-41a1-a107-f7e2cbd2d2bc}</UniqueIdentifier>
    </Filter>
    <Filter Include="GameObject\UI\Base">
      <UniqueIdentifier>{6fcba178-6c5f-47cc-9359-6e2e0c93b77f}</UniqueIdentifier>
    </Filter>
    <Filter Include="GameObject\Game\Monster\Boss">
      <UniqueIdentifier>{421cad0b-4dff-43e0-ae45-741b0cd0057d}</UniqueIdentifier>
    </Filter>
  </ItemGroup>
  <ItemGroup>
    <ClInclude Include="framework.h">
      <Filter>헤더 파일</Filter>
    </ClInclude>
    <ClInclude Include="targetver.h">
      <Filter>헤더 파일</Filter>
    </ClInclude>
    <ClInclude Include="Resource.h">
      <Filter>헤더 파일</Filter>
    </ClInclude>
    <ClInclude Include="VampireSuvivorsProject.h">
      <Filter>헤더 파일</Filter>
    </ClInclude>
    <ClInclude Include="Common.h">
      <Filter>Common</Filter>
    </ClInclude>
    <ClInclude Include="Def.h">
      <Filter>Common</Filter>
    </ClInclude>
    <ClInclude Include="Maths.h">
      <Filter>Common</Filter>
    </ClInclude>
    <ClInclude Include="yaAnimation.h">
      <Filter>Component</Filter>
    </ClInclude>
    <ClInclude Include="yaAnimator.h">
      <Filter>Component</Filter>
    </ClInclude>
    <ClInclude Include="yaApplication.h">
      <Filter>HighLevelnterface</Filter>
    </ClInclude>
    <ClInclude Include="yaCollider.h">
      <Filter>Component</Filter>
    </ClInclude>
    <ClInclude Include="yaCamera.h">
      <Filter>Manager</Filter>
    </ClInclude>
    <ClInclude Include="yaCollisionManager.h">
      <Filter>Manager</Filter>
    </ClInclude>
    <ClInclude Include="yaComponent.h">
      <Filter>Component\Base</Filter>
    </ClInclude>
    <ClInclude Include="yaEndingScene.h">
      <Filter>Scene</Filter>
    </ClInclude>
    <ClInclude Include="yaEntity.h">
      <Filter>Engine</Filter>
    </ClInclude>
    <ClInclude Include="yaGameObejct.h">
      <Filter>GameObject\Base</Filter>
    </ClInclude>
    <ClInclude Include="yaImage.h">
      <Filter>Resource</Filter>
    </ClInclude>
    <ClInclude Include="yaInput.h">
      <Filter>Manager</Filter>
    </ClInclude>
    <ClInclude Include="yaLogoScene.h">
      <Filter>Scene</Filter>
    </ClInclude>
    <ClInclude Include="yaObject.h">
      <Filter>Common</Filter>
    </ClInclude>
    <ClInclude Include="yaPlayScene.h">
      <Filter>Scene</Filter>
    </ClInclude>
    <ClInclude Include="yaResource.h">
      <Filter>Resource\Base</Filter>
    </ClInclude>
    <ClInclude Include="yaResources.h">
      <Filter>Manager</Filter>
    </ClInclude>
    <ClInclude Include="yaSceneManager.h">
      <Filter>Manager</Filter>
    </ClInclude>
    <ClInclude Include="yaTime.h">
      <Filter>Manager</Filter>
    </ClInclude>
    <ClInclude Include="yaTitleScene.h">
      <Filter>Scene</Filter>
    </ClInclude>
    <ClInclude Include="yaToolScene.h">
      <Filter>Scene</Filter>
    </ClInclude>
    <ClInclude Include="yaTile.h">
      <Filter>GameObject\Tile</Filter>
    </ClInclude>
    <ClInclude Include="yaTilePalette.h">
      <Filter>GameObject\Tile</Filter>
    </ClInclude>
    <ClInclude Include="yaBackpack.h">
      <Filter>GameObject\Game</Filter>
    </ClInclude>
    <ClInclude Include="yaBGImageObject.h">
      <Filter>GameObject\Game</Filter>
    </ClInclude>
    <ClInclude Include="yaBGIMageObjectAlpha.h">
      <Filter>GameObject\Game</Filter>
    </ClInclude>
    <ClInclude Include="yaButtonImageObject.h">
      <Filter>GameObject\Game</Filter>
    </ClInclude>
    <ClInclude Include="yaMissile.h">
      <Filter>GameObject\Game</Filter>
    </ClInclude>
    <ClInclude Include="yaPlayer.h">
      <Filter>GameObject\Game</Filter>
    </ClInclude>
    <ClInclude Include="yaMiniMudman.h">
      <Filter>GameObject\Game\Monster</Filter>
    </ClInclude>
    <ClInclude Include="yaBoomGhost.h">
      <Filter>GameObject\Game\Monster</Filter>
    </ClInclude>
    <ClInclude Include="yaRigidBody.h">
      <Filter>Component</Filter>
    </ClInclude>
    <ClInclude Include="yaGround.h">
      <Filter>GameObject\Game</Filter>
    </ClInclude>
    <ClInclude Include="yaUIManager.h">
      <Filter>Manager</Filter>
    </ClInclude>
    <ClInclude Include="yaGreenGhost.h">
      <Filter>GameObject\Game\Monster</Filter>
    </ClInclude>
    <ClInclude Include="yaGrayMira.h">
      <Filter>GameObject\Game\Monster</Filter>
    </ClInclude>
    <ClInclude Include="yaMedusaHead.h">
      <Filter>GameObject\Game\Monster</Filter>
    </ClInclude>
    <ClInclude Include="yaDurahanBoneKnight.h">
      <Filter>GameObject\Game\Monster</Filter>
    </ClInclude>
    <ClInclude Include="yaUIBase.h">
      <Filter>GameObject\UI\Base</Filter>
    </ClInclude>
    <ClInclude Include="yaButton.h">
      <Filter>GameObject\UI</Filter>
    </ClInclude>
    <ClInclude Include="yaPanel.h">
      <Filter>GameObject\UI</Filter>
    </ClInclude>
    <ClInclude Include="yaHUD.h">
      <Filter>GameObject\UI</Filter>
    </ClInclude>
    <ClInclude Include="yaSoundManager.h">
      <Filter>Manager</Filter>
    </ClInclude>
    <ClInclude Include="yaSound.h">
      <Filter>Resource</Filter>
    </ClInclude>
    <ClInclude Include="yaSkyColorGhost.h">
      <Filter>GameObject\Game\Monster</Filter>
    </ClInclude>
    <ClInclude Include="yaLionHead.h">
      <Filter>GameObject\Game\Monster</Filter>
    </ClInclude>
    <ClInclude Include="yaMagision.h">
      <Filter>GameObject\Game\Monster</Filter>
    </ClInclude>
    <ClInclude Include="yaMiniHeadDurahan.h">
      <Filter>GameObject\Game\Monster</Filter>
    </ClInclude>
    <ClInclude Include="yaBroomWitch.h">
      <Filter>GameObject\Game\Monster</Filter>
    </ClInclude>
    <ClInclude Include="yaBlackBat.h">
      <Filter>GameObject\Game\Monster</Filter>
    </ClInclude>
    <ClInclude Include="yaFlyingSkull.h">
      <Filter>GameObject\Game\Monster</Filter>
    </ClInclude>
    <ClInclude Include="yaMedusa.h">
      <Filter>GameObject\Game\Monster</Filter>
    </ClInclude>
    <ClInclude Include="yaBossBlackBat.h">
      <Filter>GameObject\Game\Monster\Boss</Filter>
    </ClInclude>
    <ClInclude Include="yaBossMira.h">
      <Filter>GameObject\Game\Monster\Boss</Filter>
    </ClInclude>
    <ClInclude Include="yaBossNesparados.h">
      <Filter>GameObject\Game\Monster\Boss</Filter>
    </ClInclude>
    <ClInclude Include="yaBossWitch.h">
      <Filter>GameObject\Game\Monster\Boss</Filter>
    </ClInclude>
    <ClInclude Include="yaBossBroomWitch.h">
      <Filter>GameObject\Game\Monster\Boss</Filter>
    </ClInclude>
    <ClInclude Include="yaBossMedusa.h">
      <Filter>GameObject\Game\Monster\Boss</Filter>
    </ClInclude>
  </ItemGroup>
  <ItemGroup>
    <ClCompile Include="Maths.cpp">
      <Filter>Common</Filter>
    </ClCompile>
    <ClCompile Include="yaAnimation.cpp">
      <Filter>Component</Filter>
    </ClCompile>
    <ClCompile Include="yaAnimator.cpp">
      <Filter>Component</Filter>
    </ClCompile>
    <ClCompile Include="yaApplication.cpp">
      <Filter>HighLevelnterface</Filter>
    </ClCompile>
    <ClCompile Include="yaCollider.cpp">
      <Filter>Component</Filter>
    </ClCompile>
    <ClCompile Include="yaCamera.cpp">
      <Filter>Manager</Filter>
    </ClCompile>
    <ClCompile Include="yaCollisionManager.cpp">
      <Filter>Manager</Filter>
    </ClCompile>
    <ClCompile Include="yaComponent.cpp">
      <Filter>Component\Base</Filter>
    </ClCompile>
    <ClCompile Include="yaEndingScene.cpp">
      <Filter>Scene</Filter>
    </ClCompile>
    <ClCompile Include="yaEntity.cpp">
      <Filter>Engine</Filter>
    </ClCompile>
    <ClCompile Include="yaGameObejct.cpp">
      <Filter>GameObject\Base</Filter>
    </ClCompile>
    <ClCompile Include="yaImage.cpp">
      <Filter>Resource</Filter>
    </ClCompile>
    <ClCompile Include="yaInput.cpp">
      <Filter>Manager</Filter>
    </ClCompile>
    <ClCompile Include="yaLogoScene.cpp">
      <Filter>Scene</Filter>
    </ClCompile>
    <ClCompile Include="yaPlayScene.cpp">
      <Filter>Scene</Filter>
    </ClCompile>
    <ClCompile Include="yaResource.cpp">
      <Filter>Resource\Base</Filter>
    </ClCompile>
    <ClCompile Include="yaResources.cpp">
      <Filter>Manager</Filter>
    </ClCompile>
    <ClCompile Include="yaScene.cpp">
      <Filter>Scene\Base</Filter>
    </ClCompile>
    <ClCompile Include="yaSceneManager.cpp">
      <Filter>Manager</Filter>
    </ClCompile>
    <ClCompile Include="yaTime.cpp">
      <Filter>Manager</Filter>
    </ClCompile>
    <ClCompile Include="yaTitleScene.cpp">
      <Filter>Scene</Filter>
    </ClCompile>
    <ClCompile Include="Main.cpp">
      <Filter>소스 파일</Filter>
    </ClCompile>
    <ClCompile Include="yaToolScene.cpp">
      <Filter>Scene</Filter>
    </ClCompile>
    <ClCompile Include="yaTile.cpp">
      <Filter>GameObject\Tile</Filter>
    </ClCompile>
    <ClCompile Include="yaTilePalette.cpp">
      <Filter>GameObject\Tile</Filter>
    </ClCompile>
    <ClCompile Include="yaBackpack.cpp">
      <Filter>GameObject\Game</Filter>
    </ClCompile>
    <ClCompile Include="yaBGImageObject.cpp">
      <Filter>GameObject\Game</Filter>
    </ClCompile>
    <ClCompile Include="yaBGIMageObjectAlpha.cpp">
      <Filter>GameObject\Game</Filter>
    </ClCompile>
    <ClCompile Include="yaButtonImageObject.cpp">
      <Filter>GameObject\Game</Filter>
    </ClCompile>
    <ClCompile Include="yaMissile.cpp">
      <Filter>GameObject\Game</Filter>
    </ClCompile>
    <ClCompile Include="yaPlayer.cpp">
      <Filter>GameObject\Game</Filter>
    </ClCompile>
    <ClCompile Include="yaMiniMudman.cpp">
      <Filter>GameObject\Game\Monster</Filter>
    </ClCompile>
    <ClCompile Include="yaBoomGhost.cpp">
      <Filter>GameObject\Game\Monster</Filter>
    </ClCompile>
    <ClCompile Include="yaRigidBody.cpp">
      <Filter>Component</Filter>
    </ClCompile>
    <ClCompile Include="yaGround.cpp">
      <Filter>GameObject\Game</Filter>
    </ClCompile>
    <ClCompile Include="yaUIManager.cpp">
      <Filter>Manager</Filter>
    </ClCompile>
    <ClCompile Include="yaGreenGhost.cpp">
      <Filter>GameObject\Game\Monster</Filter>
    </ClCompile>
    <ClCompile Include="yaGrayMira.cpp">
      <Filter>GameObject\Game\Monster</Filter>
    </ClCompile>
    <ClCompile Include="yaMedusaHead.cpp">
      <Filter>GameObject\Game\Monster</Filter>
    </ClCompile>
    <ClCompile Include="yaDurahanBoneKnight.cpp">
      <Filter>GameObject\Game\Monster</Filter>
    </ClCompile>
    <ClCompile Include="yaUIBase.cpp">
      <Filter>GameObject\UI\Base</Filter>
    </ClCompile>
    <ClCompile Include="yaButton.cpp">
      <Filter>GameObject\UI</Filter>
    </ClCompile>
    <ClCompile Include="yaPanel.cpp">
      <Filter>GameObject\UI</Filter>
    </ClCompile>
    <ClCompile Include="yaHUD.cpp">
      <Filter>GameObject\UI</Filter>
    </ClCompile>
    <ClCompile Include="yaSoundManager.cpp">
      <Filter>Manager</Filter>
    </ClCompile>
    <ClCompile Include="yaSound.cpp">
      <Filter>Resource</Filter>
    </ClCompile>
    <ClCompile Include="yaSkyColorGhost.cpp">
      <Filter>GameObject\Game\Monster</Filter>
    </ClCompile>
    <ClCompile Include="yaLionHead.cpp">
      <Filter>GameObject\Game\Monster</Filter>
    </ClCompile>
    <ClCompile Include="yaMagision.cpp">
      <Filter>GameObject\Game\Monster</Filter>
    </ClCompile>
    <ClCompile Include="yaMiniHeadDurahan.cpp">
      <Filter>GameObject\Game\Monster</Filter>
    </ClCompile>
    <ClCompile Include="yaBroomWitch.cpp">
      <Filter>GameObject\Game\Monster</Filter>
    </ClCompile>
    <ClCompile Include="yaBlackBat.cpp">
      <Filter>GameObject\Game\Monster</Filter>
    </ClCompile>
    <ClCompile Include="yaFlyingSkull.cpp">
      <Filter>GameObject\Game\Monster</Filter>
    </ClCompile>
    <ClCompile Include="yaMedusa.cpp">
      <Filter>GameObject\Game\Monster</Filter>
    </ClCompile>
    <ClCompile Include="yaBossBlackBat.cpp">
      <Filter>GameObject\Game\Monster\Boss</Filter>
    </ClCompile>
    <ClCompile Include="yaBossMira.cpp">
      <Filter>GameObject\Game\Monster\Boss</Filter>
    </ClCompile>
    <ClCompile Include="yaBossNesparados.cpp">
      <Filter>GameObject\Game\Monster\Boss</Filter>
    </ClCompile>
    <ClCompile Include="yaBossWitch.cpp">
      <Filter>GameObject\Game\Monster\Boss</Filter>
    </ClCompile>
    <ClCompile Include="yaBossBroomWitch.cpp">
      <Filter>GameObject\Game\Monster\Boss</Filter>
    </ClCompile>
    <ClCompile Include="yaBossMedusa.cpp">
      <Filter>GameObject\Game\Monster\Boss</Filter>
    </ClCompile>
  </ItemGroup>
  <ItemGroup>
    <ResourceCompile Include="VampireSuvivorsProject.rc">
      <Filter>리소스 파일</Filter>
    </ResourceCompile>
  </ItemGroup>
  <ItemGroup>
    <Image Include="small.ico">
      <Filter>리소스 파일</Filter>
    </Image>
    <Image Include="VampireSuvivorsProject.ico">
      <Filter>리소스 파일</Filter>
    </Image>
  </ItemGroup>
</Project>