<?xml version="1.0" encoding="utf-8"?>
<Project ToolsVersion="4.0" xmlns="http://schemas.microsoft.com/developer/msbuild/2003">
  <ItemGroup>
    <Filter Include="소스 파일">
      <UniqueIdentifier>{4FC737F1-C7A5-4376-A066-2A32D752A2FF}</UniqueIdentifier>
      <Extensions>cpp;c;cc;cxx;c++;cppm;ixx;def;odl;idl;hpj;bat;asm;asmx</Extensions>
    </Filter>
    <Filter Include="헤더 파일">
      <UniqueIdentifier>{93995380-89BD-4b04-88EB-625FBE52EBFB}</UniqueIdentifier>
      <Extensions>h;hh;hpp;hxx;h++;hm;inl;inc;ipp;xsd</Extensions>
    </Filter>
    <Filter Include="리소스 파일">
      <UniqueIdentifier>{67DA6AB6-F800-4c08-8B7A-83BB121AAD01}</UniqueIdentifier>
      <Extensions>rc;ico;cur;bmp;dlg;rc2;rct;bin;rgs;gif;jpg;jpeg;jpe;resx;tiff;tif;png;wav;mfcribbon-ms</Extensions>
    </Filter>
    <Filter Include="GameObject">
      <UniqueIdentifier>{3505ee35-8236-4d60-9f32-2ecad1de120b}</UniqueIdentifier>
    </Filter>
    <Filter Include="Manager">
      <UniqueIdentifier>{2266b514-f736-4c2d-b5c7-d54f9cc71018}</UniqueIdentifier>
    </Filter>
    <Filter Include="HighLevelnterface">
      <UniqueIdentifier>{3de67488-0b62-4081-a694-0105e85d0459}</UniqueIdentifier>
    </Filter>
    <Filter Include="Component">
      <UniqueIdentifier>{55756bb2-b42b-4c66-9749-e6ef9dd94580}</UniqueIdentifier>
    </Filter>
    <Filter Include="Scene">
      <UniqueIdentifier>{fff6cff6-f726-44e2-a548-843a9d18eea6}</UniqueIdentifier>
    </Filter>
    <Filter Include="Common">
      <UniqueIdentifier>{ac8a6bf3-b44f-4857-a822-e4d64b340e79}</UniqueIdentifier>
    </Filter>
    <Filter Include="Resource">
      <UniqueIdentifier>{ed067cc0-6794-4429-a988-11c5ebac6c5a}</UniqueIdentifier>
    </Filter>
    <Filter Include="Engine">
      <UniqueIdentifier>{2f1b32c7-b028-45a4-b3d4-a5b5e5cbf07f}</UniqueIdentifier>
    </Filter>
    <Filter Include="Component\Base">
      <UniqueIdentifier>{cd91c937-3bab-42b0-b3c4-f71b77172e36}</UniqueIdentifier>
    </Filter>
    <Filter Include="GameObject\Base">
      <UniqueIdentifier>{f9447b29-0c73-4b6b-9e6a-df85db57de19}</UniqueIdentifier>
    </Filter>
    <Filter Include="Resource\Base">
      <UniqueIdentifier>{9f55254c-710e-42cd-b832-fa276a1ff0d9}</UniqueIdentifier>
    </Filter>
    <Filter Include="Scene\Base">
      <UniqueIdentifier>{4469bc7e-07f3-4df7-9393-839c210a5de6}</UniqueIdentifier>
    </Filter>
    <Filter Include="GameObject\Tile">
      <UniqueIdentifier>{2c64c16f-2f87-4b77-99dc-60a2a8a629ef}</UniqueIdentifier>
    </Filter>
    <Filter Include="GameObject\Game">
      <UniqueIdentifier>{b565c428-5851-4d08-9c06-f034940474fd}</UniqueIdentifier>
    </Filter>
    <Filter Include="GameObject\Game\Monster">
      <UniqueIdentifier>{c02dfe4e-0e98-4e74-acd5-034fddbfe6e0}</UniqueIdentifier>
    </Filter>
    <Filter Include="GameObject\UI">
      <UniqueIdentifier>{22721b8e-0137-41a1-a107-f7e2cbd2d2bc}</UniqueIdentifier>
    </Filter>
    <Filter Include="GameObject\UI\Base">
      <UniqueIdentifier>{6fcba178-6c5f-47cc-9359-6e2e0c93b77f}</UniqueIdentifier>
    </Filter>
    <Filter Include="GameObject\Game\Monster\Boss">
      <UniqueIdentifier>{421cad0b-4dff-43e0-ae45-741b0cd0057d}</UniqueIdentifier>
    </Filter>
    <Filter Include="GameObject\Game\Weapon">
      <UniqueIdentifier>{e8cd3dba-65e5-421c-aa33-29278fb7d57d}</UniqueIdentifier>
    </Filter>
    <Filter Include="GameObject\Game\Weapon\Base">
      <UniqueIdentifier>{3b6382a2-2e58-40cd-aec3-36bb016dc2db}</UniqueIdentifier>
    </Filter>
    <Filter Include="GameObject\Game\Monster\Base">
      <UniqueIdentifier>{32d01c2a-b0f3-4a0c-bdca-563cabf7ca9b}</UniqueIdentifier>
    </Filter>
    <Filter Include="GameObject\UI\TitleSceneStartMenu">
      <UniqueIdentifier>{16380d53-ab25-4e9e-aff5-a686a3405f23}</UniqueIdentifier>
    </Filter>
    <Filter Include="GameObject\UI\CharacterSelectionMenu">
      <UniqueIdentifier>{85c04282-aaf9-46c3-8c98-878055c7fe5b}</UniqueIdentifier>
    </Filter>
    <Filter Include="GameObject\UI\StageSelectionMenu">
      <UniqueIdentifier>{b54a97b2-4271-45eb-9b19-e6610bc34519}</UniqueIdentifier>
    </Filter>
    <Filter Include="GameObject\UI\PauseUI">
      <UniqueIdentifier>{d60d4ee0-5ccd-42f0-a3d2-f626c5456343}</UniqueIdentifier>
    </Filter>
    <Filter Include="GameObject\UI\LevelUpUI">
      <UniqueIdentifier>{e32b006d-6a25-4521-b726-a07f649ead27}</UniqueIdentifier>
    </Filter>
    <Filter Include="GameObject\UI\PlayInfoUI">
      <UniqueIdentifier>{2dd9f810-3245-44db-84ed-b53a31dfe5ff}</UniqueIdentifier>
    </Filter>
    <Filter Include="GameObject\ImageObject">
      <UniqueIdentifier>{f00dc2f7-a9e2-42cb-9c75-03f37b528273}</UniqueIdentifier>
    </Filter>
    <Filter Include="GameObject\ImageObject\Base">
      <UniqueIdentifier>{e20d44e8-e1b9-48be-8bf8-1f9c925547f8}</UniqueIdentifier>
    </Filter>
    <Filter Include="GameObject\GameMapCollider">
      <UniqueIdentifier>{5f3205b8-763e-4998-964e-f648538832c6}</UniqueIdentifier>
    </Filter>
  </ItemGroup>
  <ItemGroup>
    <ClInclude Include="framework.h">
      <Filter>헤더 파일</Filter>
    </ClInclude>
    <ClInclude Include="targetver.h">
      <Filter>헤더 파일</Filter>
    </ClInclude>
    <ClInclude Include="Resource.h">
      <Filter>헤더 파일</Filter>
    </ClInclude>
    <ClInclude Include="Common.h">
      <Filter>Common</Filter>
    </ClInclude>
    <ClInclude Include="Def.h">
      <Filter>Common</Filter>
    </ClInclude>
    <ClInclude Include="Maths.h">
      <Filter>Common</Filter>
    </ClInclude>
    <ClInclude Include="yaAnimation.h">
      <Filter>Component</Filter>
    </ClInclude>
    <ClInclude Include="yaAnimator.h">
      <Filter>Component</Filter>
    </ClInclude>
    <ClInclude Include="yaApplication.h">
      <Filter>HighLevelnterface</Filter>
    </ClInclude>
    <ClInclude Include="yaCollider.h">
      <Filter>Component</Filter>
    </ClInclude>
    <ClInclude Include="yaCamera.h">
      <Filter>Manager</Filter>
    </ClInclude>
    <ClInclude Include="yaCollisionManager.h">
      <Filter>Manager</Filter>
    </ClInclude>
    <ClInclude Include="yaComponent.h">
      <Filter>Component\Base</Filter>
    </ClInclude>
    <ClInclude Include="yaEndingScene.h">
      <Filter>Scene</Filter>
    </ClInclude>
    <ClInclude Include="yaEntity.h">
      <Filter>Engine</Filter>
    </ClInclude>
    <ClInclude Include="yaGameObejct.h">
      <Filter>GameObject\Base</Filter>
    </ClInclude>
    <ClInclude Include="yaImage.h">
      <Filter>Resource</Filter>
    </ClInclude>
    <ClInclude Include="yaInput.h">
      <Filter>Manager</Filter>
    </ClInclude>
    <ClInclude Include="yaLogoScene.h">
      <Filter>Scene</Filter>
    </ClInclude>
    <ClInclude Include="yaObject.h">
      <Filter>Common</Filter>
    </ClInclude>
    <ClInclude Include="yaPlayScene.h">
      <Filter>Scene</Filter>
    </ClInclude>
    <ClInclude Include="yaResource.h">
      <Filter>Resource\Base</Filter>
    </ClInclude>
    <ClInclude Include="yaResources.h">
      <Filter>Manager</Filter>
    </ClInclude>
    <ClInclude Include="yaSceneManager.h">
      <Filter>Manager</Filter>
    </ClInclude>
    <ClInclude Include="yaTime.h">
      <Filter>Manager</Filter>
    </ClInclude>
    <ClInclude Include="yaTitleScene.h">
      <Filter>Scene</Filter>
    </ClInclude>
    <ClInclude Include="yaToolScene.h">
      <Filter>Scene</Filter>
    </ClInclude>
    <ClInclude Include="yaTile.h">
      <Filter>GameObject\Tile</Filter>
    </ClInclude>
    <ClInclude Include="yaTilePalette.h">
      <Filter>GameObject\Tile</Filter>
    </ClInclude>
    <ClInclude Include="yaBackpack.h">
      <Filter>GameObject\Game</Filter>
    </ClInclude>
    <ClInclude Include="yaMissile.h">
      <Filter>GameObject\Game</Filter>
    </ClInclude>
    <ClInclude Include="yaPlayer.h">
      <Filter>GameObject\Game</Filter>
    </ClInclude>
    <ClInclude Include="yaMudman.h">
      <Filter>GameObject\Game\Monster</Filter>
    </ClInclude>
    <ClInclude Include="yaBoomGhost.h">
      <Filter>GameObject\Game\Monster</Filter>
    </ClInclude>
    <ClInclude Include="yaRigidBody.h">
      <Filter>Component</Filter>
    </ClInclude>
    <ClInclude Include="yaGround.h">
      <Filter>GameObject\Game</Filter>
    </ClInclude>
    <ClInclude Include="yaUIManager.h">
      <Filter>Manager</Filter>
    </ClInclude>
    <ClInclude Include="yaGreenGhost.h">
      <Filter>GameObject\Game\Monster</Filter>
    </ClInclude>
    <ClInclude Include="yaGrayMira.h">
      <Filter>GameObject\Game\Monster</Filter>
    </ClInclude>
    <ClInclude Include="yaMedusaHead.h">
      <Filter>GameObject\Game\Monster</Filter>
    </ClInclude>
    <ClInclude Include="yaDurahanBoneKnight.h">
      <Filter>GameObject\Game\Monster</Filter>
    </ClInclude>
    <ClInclude Include="yaUIBase.h">
      <Filter>GameObject\UI\Base</Filter>
    </ClInclude>
    <ClInclude Include="yaSoundManager.h">
      <Filter>Manager</Filter>
    </ClInclude>
    <ClInclude Include="yaSound.h">
      <Filter>Resource</Filter>
    </ClInclude>
    <ClInclude Include="yaSkyColorGhost.h">
      <Filter>GameObject\Game\Monster</Filter>
    </ClInclude>
    <ClInclude Include="yaLionHead.h">
      <Filter>GameObject\Game\Monster</Filter>
    </ClInclude>
    <ClInclude Include="yaMagision.h">
      <Filter>GameObject\Game\Monster</Filter>
    </ClInclude>
    <ClInclude Include="yaMiniHeadDurahan.h">
      <Filter>GameObject\Game\Monster</Filter>
    </ClInclude>
    <ClInclude Include="yaBroomWitch.h">
      <Filter>GameObject\Game\Monster</Filter>
    </ClInclude>
    <ClInclude Include="yaBlackBat.h">
      <Filter>GameObject\Game\Monster</Filter>
    </ClInclude>
    <ClInclude Include="yaFlyingSkull.h">
      <Filter>GameObject\Game\Monster</Filter>
    </ClInclude>
    <ClInclude Include="yaMedusa.h">
      <Filter>GameObject\Game\Monster</Filter>
    </ClInclude>
    <ClInclude Include="yaBossBlackBat.h">
      <Filter>GameObject\Game\Monster\Boss</Filter>
    </ClInclude>
    <ClInclude Include="yaBossMira.h">
      <Filter>GameObject\Game\Monster\Boss</Filter>
    </ClInclude>
    <ClInclude Include="yaBossNesparados.h">
      <Filter>GameObject\Game\Monster\Boss</Filter>
    </ClInclude>
    <ClInclude Include="yaBossWitch.h">
      <Filter>GameObject\Game\Monster\Boss</Filter>
    </ClInclude>
    <ClInclude Include="yaBossBroomWitch.h">
      <Filter>GameObject\Game\Monster\Boss</Filter>
    </ClInclude>
    <ClInclude Include="yaBossMedusa.h">
      <Filter>GameObject\Game\Monster\Boss</Filter>
    </ClInclude>
    <ClInclude Include="yaBossGreenGhost.h">
      <Filter>GameObject\Game\Monster\Boss</Filter>
    </ClInclude>
    <ClInclude Include="yaBossLionHead.h">
      <Filter>GameObject\Game\Monster\Boss</Filter>
    </ClInclude>
    <ClInclude Include="yaBossMedusaHead.h">
      <Filter>GameObject\Game\Monster\Boss</Filter>
    </ClInclude>
    <ClInclude Include="yaBossWhiteBat.h">
      <Filter>GameObject\Game\Monster\Boss</Filter>
    </ClInclude>
    <ClInclude Include="yaBossMudMan.h">
      <Filter>GameObject\Game\Monster\Boss</Filter>
    </ClInclude>
    <ClInclude Include="yaPlayerCustomAnimation.h">
      <Filter>Component</Filter>
    </ClInclude>
    <ClInclude Include="yaPlayerCustomAnimator.h">
      <Filter>Component</Filter>
    </ClInclude>
    <ClInclude Include="yaWeapon.h">
      <Filter>GameObject\Game\Weapon\Base</Filter>
    </ClInclude>
    <ClInclude Include="yaKnife.h">
      <Filter>GameObject\Game\Weapon</Filter>
    </ClInclude>
    <ClInclude Include="yaMonster.h">
      <Filter>GameObject\Game\Monster\Base</Filter>
    </ClInclude>
    <ClInclude Include="yaObjectPool.h">
      <Filter>Manager</Filter>
    </ClInclude>
    <ClInclude Include="yaKnifeObjectPool.h">
      <Filter>Manager</Filter>
    </ClInclude>
    <ClInclude Include="yaRuneTracer.h">
      <Filter>GameObject\Game\Weapon</Filter>
    </ClInclude>
    <ClInclude Include="yaWeaponObjectPool.h">
      <Filter>Manager</Filter>
    </ClInclude>
    <ClInclude Include="yaBGBlackBar.h">
      <Filter>GameObject\ImageObject</Filter>
    </ClInclude>
    <ClInclude Include="yaBGImageObject.h">
      <Filter>GameObject\ImageObject\Base</Filter>
    </ClInclude>
    <ClInclude Include="yaBGIMageObjectAlpha.h">
      <Filter>GameObject\ImageObject\Base</Filter>
    </ClInclude>
    <ClInclude Include="yaButtonImageObject.h">
      <Filter>GameObject\ImageObject\Base</Filter>
    </ClInclude>
    <ClInclude Include="yaBGGmaeImage.h">
      <Filter>GameObject\ImageObject</Filter>
    </ClInclude>
    <ClInclude Include="yaBGGoldCount.h">
      <Filter>GameObject\ImageObject</Filter>
    </ClInclude>
    <ClInclude Include="yaExitButton.h">
      <Filter>GameObject\ImageObject</Filter>
    </ClInclude>
    <ClInclude Include="yaOptionButton.h">
      <Filter>GameObject\ImageObject</Filter>
    </ClInclude>
    <ClInclude Include="yaHUD.h">
      <Filter>GameObject\UI\Base</Filter>
    </ClInclude>
    <ClInclude Include="yaPanel.h">
      <Filter>GameObject\UI\Base</Filter>
    </ClInclude>
    <ClInclude Include="yaButton.h">
      <Filter>GameObject\UI\Base</Filter>
    </ClInclude>
    <ClInclude Include="yaStartButton.h">
      <Filter>GameObject\ImageObject</Filter>
    </ClInclude>
    <ClInclude Include="yaSelectionMenuIcon.h">
      <Filter>GameObject\UI\Base</Filter>
    </ClInclude>
    <ClInclude Include="yaUIAnimObject.h">
      <Filter>GameObject\UI\Base</Filter>
    </ClInclude>
    <ClInclude Include="yaTitleSceneStartUIButton.h">
      <Filter>GameObject\UI\TitleSceneStartMenu</Filter>
    </ClInclude>
    <ClInclude Include="yaTitleSceneOptionUIButton.h">
      <Filter>GameObject\UI\TitleSceneStartMenu</Filter>
    </ClInclude>
    <ClInclude Include="yaTitleSceneExitUIButton.h">
      <Filter>GameObject\UI\TitleSceneStartMenu</Filter>
    </ClInclude>
    <ClInclude Include="yaStartMenuPanel.h">
      <Filter>GameObject\UI\TitleSceneStartMenu</Filter>
    </ClInclude>
    <ClInclude Include="yaCharacterIcon.h">
      <Filter>GameObject\UI\CharacterSelectionMenu</Filter>
    </ClInclude>
    <ClInclude Include="yaCharacterInfo.h">
      <Filter>GameObject\UI\CharacterSelectionMenu</Filter>
    </ClInclude>
    <ClInclude Include="yaCharacterSelectionPanel.h">
      <Filter>GameObject\UI\CharacterSelectionMenu</Filter>
    </ClInclude>
    <ClInclude Include="yaCharacterWordButton.h">
      <Filter>GameObject\UI\CharacterSelectionMenu</Filter>
    </ClInclude>
    <ClInclude Include="yaStageSelectionPanel.h">
      <Filter>GameObject\UI\StageSelectionMenu</Filter>
    </ClInclude>
    <ClInclude Include="yaStageLibraryIcon.h">
      <Filter>GameObject\UI\StageSelectionMenu</Filter>
    </ClInclude>
    <ClInclude Include="yaHealthBar.h">
      <Filter>GameObject\UI\PlayInfoUI</Filter>
    </ClInclude>
    <ClInclude Include="yaPlaySceneHUDPanel.h">
      <Filter>GameObject\UI\PlayInfoUI</Filter>
    </ClInclude>
    <ClInclude Include="yaExpBar.h">
      <Filter>GameObject\UI\PlayInfoUI</Filter>
    </ClInclude>
    <ClInclude Include="yaWeaponBox.h">
      <Filter>GameObject\UI\PlayInfoUI</Filter>
    </ClInclude>
    <ClInclude Include="yaWeaponKnifeIcon.h">
      <Filter>GameObject\UI\PlayInfoUI</Filter>
    </ClInclude>
    <ClInclude Include="yaPlayScenePausedHUDPanel.h">
      <Filter>GameObject\UI\PauseUI</Filter>
    </ClInclude>
    <ClInclude Include="yaPauseWeaponInfoBox.h">
      <Filter>GameObject\UI\PauseUI</Filter>
    </ClInclude>
    <ClInclude Include="yaPausePlayerStartInfoBox.h">
      <Filter>GameObject\UI\PauseUI</Filter>
    </ClInclude>
    <ClInclude Include="VampireSuvivorsProject.h">
      <Filter>헤더 파일</Filter>
    </ClInclude>
    <ClInclude Include="yaPauseUIContinueButton.h">
      <Filter>GameObject\UI\PauseUI</Filter>
    </ClInclude>
    <ClInclude Include="yaPauseUIExitButton.h">
      <Filter>GameObject\UI\PauseUI</Filter>
    </ClInclude>
    <ClInclude Include="yaPlaySceneLevelUpHUDPanel.h">
      <Filter>GameObject\UI\LevelUpUI</Filter>
    </ClInclude>
    <ClInclude Include="yaLevelUpArrow.h">
      <Filter>GameObject\UI\LevelUpUI</Filter>
    </ClInclude>
    <ClInclude Include="yaPlayerLevelUpManager.h">
      <Filter>Manager</Filter>
    </ClInclude>
    <ClInclude Include="yaLevelUpHUDTop.h">
      <Filter>GameObject\UI\LevelUpUI</Filter>
    </ClInclude>
    <ClInclude Include="yaLevelUpHUDMid.h">
      <Filter>GameObject\UI\LevelUpUI</Filter>
    </ClInclude>
    <ClInclude Include="yaLevelUpHUDBot.h">
      <Filter>GameObject\UI\LevelUpUI</Filter>
    </ClInclude>
    <ClInclude Include="yaLevelUpHUD.h">
      <Filter>GameObject\UI\Base</Filter>
    </ClInclude>
    <ClInclude Include="yaPlayInfoIcon.h">
      <Filter>GameObject\UI\Base</Filter>
    </ClInclude>
    <ClInclude Include="yaLevelBoxIcon.h">
      <Filter>GameObject\UI\Base</Filter>
    </ClInclude>
    <ClInclude Include="yaAxe.h">
      <Filter>GameObject\Game\Weapon</Filter>
    </ClInclude>
    <ClInclude Include="yaFireWand.h">
      <Filter>GameObject\Game\Weapon</Filter>
    </ClInclude>
    <ClInclude Include="yaPausePlayerWeponHUDBox.h">
      <Filter>GameObject\UI\PauseUI</Filter>
    </ClInclude>
    <ClInclude Include="yaBGTitleImage.h">
      <Filter>GameObject\ImageObject</Filter>
    </ClInclude>
    <ClInclude Include="yaGameMapCollider.h">
      <Filter>GameObject\GameMapCollider</Filter>
    </ClInclude>
  </ItemGroup>
  <ItemGroup>
    <ClCompile Include="Maths.cpp">
      <Filter>Common</Filter>
    </ClCompile>
    <ClCompile Include="yaAnimation.cpp">
      <Filter>Component</Filter>
    </ClCompile>
    <ClCompile Include="yaAnimator.cpp">
      <Filter>Component</Filter>
    </ClCompile>
    <ClCompile Include="yaApplication.cpp">
      <Filter>HighLevelnterface</Filter>
    </ClCompile>
    <ClCompile Include="yaCollider.cpp">
      <Filter>Component</Filter>
    </ClCompile>
    <ClCompile Include="yaCamera.cpp">
      <Filter>Manager</Filter>
    </ClCompile>
    <ClCompile Include="yaCollisionManager.cpp">
      <Filter>Manager</Filter>
    </ClCompile>
    <ClCompile Include="yaComponent.cpp">
      <Filter>Component\Base</Filter>
    </ClCompile>
    <ClCompile Include="yaEndingScene.cpp">
      <Filter>Scene</Filter>
    </ClCompile>
    <ClCompile Include="yaEntity.cpp">
      <Filter>Engine</Filter>
    </ClCompile>
    <ClCompile Include="yaGameObejct.cpp">
      <Filter>GameObject\Base</Filter>
    </ClCompile>
    <ClCompile Include="yaImage.cpp">
      <Filter>Resource</Filter>
    </ClCompile>
    <ClCompile Include="yaInput.cpp">
      <Filter>Manager</Filter>
    </ClCompile>
    <ClCompile Include="yaLogoScene.cpp">
      <Filter>Scene</Filter>
    </ClCompile>
    <ClCompile Include="yaPlayScene.cpp">
      <Filter>Scene</Filter>
    </ClCompile>
    <ClCompile Include="yaResource.cpp">
      <Filter>Resource\Base</Filter>
    </ClCompile>
    <ClCompile Include="yaResources.cpp">
      <Filter>Manager</Filter>
    </ClCompile>
    <ClCompile Include="yaScene.cpp">
      <Filter>Scene\Base</Filter>
    </ClCompile>
    <ClCompile Include="yaSceneManager.cpp">
      <Filter>Manager</Filter>
    </ClCompile>
    <ClCompile Include="yaTime.cpp">
      <Filter>Manager</Filter>
    </ClCompile>
    <ClCompile Include="yaTitleScene.cpp">
      <Filter>Scene</Filter>
    </ClCompile>
    <ClCompile Include="Main.cpp">
      <Filter>소스 파일</Filter>
    </ClCompile>
    <ClCompile Include="yaToolScene.cpp">
      <Filter>Scene</Filter>
    </ClCompile>
    <ClCompile Include="yaTile.cpp">
      <Filter>GameObject\Tile</Filter>
    </ClCompile>
    <ClCompile Include="yaTilePalette.cpp">
      <Filter>GameObject\Tile</Filter>
    </ClCompile>
    <ClCompile Include="yaBackpack.cpp">
      <Filter>GameObject\Game</Filter>
    </ClCompile>
    <ClCompile Include="yaMissile.cpp">
      <Filter>GameObject\Game</Filter>
    </ClCompile>
    <ClCompile Include="yaPlayer.cpp">
      <Filter>GameObject\Game</Filter>
    </ClCompile>
    <ClCompile Include="yaMudman.cpp">
      <Filter>GameObject\Game\Monster</Filter>
    </ClCompile>
    <ClCompile Include="yaBoomGhost.cpp">
      <Filter>GameObject\Game\Monster</Filter>
    </ClCompile>
    <ClCompile Include="yaRigidBody.cpp">
      <Filter>Component</Filter>
    </ClCompile>
    <ClCompile Include="yaGround.cpp">
      <Filter>GameObject\Game</Filter>
    </ClCompile>
    <ClCompile Include="yaUIManager.cpp">
      <Filter>Manager</Filter>
    </ClCompile>
    <ClCompile Include="yaGreenGhost.cpp">
      <Filter>GameObject\Game\Monster</Filter>
    </ClCompile>
    <ClCompile Include="yaGrayMira.cpp">
      <Filter>GameObject\Game\Monster</Filter>
    </ClCompile>
    <ClCompile Include="yaMedusaHead.cpp">
      <Filter>GameObject\Game\Monster</Filter>
    </ClCompile>
    <ClCompile Include="yaDurahanBoneKnight.cpp">
      <Filter>GameObject\Game\Monster</Filter>
    </ClCompile>
    <ClCompile Include="yaUIBase.cpp">
      <Filter>GameObject\UI\Base</Filter>
    </ClCompile>
    <ClCompile Include="yaSoundManager.cpp">
      <Filter>Manager</Filter>
    </ClCompile>
    <ClCompile Include="yaSound.cpp">
      <Filter>Resource</Filter>
    </ClCompile>
    <ClCompile Include="yaSkyColorGhost.cpp">
      <Filter>GameObject\Game\Monster</Filter>
    </ClCompile>
    <ClCompile Include="yaLionHead.cpp">
      <Filter>GameObject\Game\Monster</Filter>
    </ClCompile>
    <ClCompile Include="yaMagision.cpp">
      <Filter>GameObject\Game\Monster</Filter>
    </ClCompile>
    <ClCompile Include="yaMiniHeadDurahan.cpp">
      <Filter>GameObject\Game\Monster</Filter>
    </ClCompile>
    <ClCompile Include="yaBroomWitch.cpp">
      <Filter>GameObject\Game\Monster</Filter>
    </ClCompile>
    <ClCompile Include="yaBlackBat.cpp">
      <Filter>GameObject\Game\Monster</Filter>
    </ClCompile>
    <ClCompile Include="yaFlyingSkull.cpp">
      <Filter>GameObject\Game\Monster</Filter>
    </ClCompile>
    <ClCompile Include="yaMedusa.cpp">
      <Filter>GameObject\Game\Monster</Filter>
    </ClCompile>
    <ClCompile Include="yaBossBlackBat.cpp">
      <Filter>GameObject\Game\Monster\Boss</Filter>
    </ClCompile>
    <ClCompile Include="yaBossMira.cpp">
      <Filter>GameObject\Game\Monster\Boss</Filter>
    </ClCompile>
    <ClCompile Include="yaBossNesparados.cpp">
      <Filter>GameObject\Game\Monster\Boss</Filter>
    </ClCompile>
    <ClCompile Include="yaBossWitch.cpp">
      <Filter>GameObject\Game\Monster\Boss</Filter>
    </ClCompile>
    <ClCompile Include="yaBossBroomWitch.cpp">
      <Filter>GameObject\Game\Monster\Boss</Filter>
    </ClCompile>
    <ClCompile Include="yaBossMedusa.cpp">
      <Filter>GameObject\Game\Monster\Boss</Filter>
    </ClCompile>
    <ClCompile Include="yaBossGreenGhost.cpp">
      <Filter>GameObject\Game\Monster\Boss</Filter>
    </ClCompile>
    <ClCompile Include="yaBossLionHead.cpp">
      <Filter>GameObject\Game\Monster\Boss</Filter>
    </ClCompile>
    <ClCompile Include="yaBossMedusaHead.cpp">
      <Filter>GameObject\Game\Monster\Boss</Filter>
    </ClCompile>
    <ClCompile Include="yaBossWhiteBat.cpp">
      <Filter>GameObject\Game\Monster\Boss</Filter>
    </ClCompile>
    <ClCompile Include="yaBossMudMan.cpp">
      <Filter>GameObject\Game\Monster\Boss</Filter>
    </ClCompile>
    <ClCompile Include="yaPlayerCustomAnimation.cpp">
      <Filter>Component</Filter>
    </ClCompile>
    <ClCompile Include="yaPlayerCustomAnimator.cpp">
      <Filter>Component</Filter>
    </ClCompile>
    <ClCompile Include="yaWeapon.cpp">
      <Filter>GameObject\Game\Weapon\Base</Filter>
    </ClCompile>
    <ClCompile Include="yaKnife.cpp">
      <Filter>GameObject\Game\Weapon</Filter>
    </ClCompile>
    <ClCompile Include="yaMonster.cpp">
      <Filter>GameObject\Game\Monster\Base</Filter>
    </ClCompile>
    <ClCompile Include="yaObjectPool.cpp">
      <Filter>Manager</Filter>
    </ClCompile>
    <ClCompile Include="yaKnifeObjectPool.cpp">
      <Filter>Manager</Filter>
    </ClCompile>
    <ClCompile Include="yaRuneTarcer.cpp">
      <Filter>GameObject\Game\Weapon</Filter>
    </ClCompile>
    <ClCompile Include="yaWeaponObjectPool.cpp">
      <Filter>Manager</Filter>
    </ClCompile>
    <ClCompile Include="yaStartButton.cpp">
      <Filter>GameObject\ImageObject</Filter>
    </ClCompile>
    <ClCompile Include="yaBGBlackBar.cpp">
      <Filter>GameObject\ImageObject</Filter>
    </ClCompile>
    <ClCompile Include="yaBGImageObject.cpp">
      <Filter>GameObject\ImageObject\Base</Filter>
    </ClCompile>
    <ClCompile Include="yaBGIMageObjectAlpha.cpp">
      <Filter>GameObject\ImageObject\Base</Filter>
    </ClCompile>
    <ClCompile Include="yaButtonImageObject.cpp">
      <Filter>GameObject\ImageObject\Base</Filter>
    </ClCompile>
    <ClCompile Include="yaBGGmaeImage.cpp">
      <Filter>GameObject\ImageObject</Filter>
    </ClCompile>
    <ClCompile Include="yaBGGoldCount.cpp">
      <Filter>GameObject\ImageObject</Filter>
    </ClCompile>
    <ClCompile Include="yaExitButton.cpp">
      <Filter>GameObject\ImageObject</Filter>
    </ClCompile>
    <ClCompile Include="yaOptionButton.cpp">
      <Filter>GameObject\ImageObject</Filter>
    </ClCompile>
    <ClCompile Include="yaHUD.cpp">
      <Filter>GameObject\UI\Base</Filter>
    </ClCompile>
    <ClCompile Include="yaPanel.cpp">
      <Filter>GameObject\UI\Base</Filter>
    </ClCompile>
    <ClCompile Include="yaButton.cpp">
      <Filter>GameObject\UI\Base</Filter>
    </ClCompile>
    <ClCompile Include="yaSelectionMenuIcon.cpp">
      <Filter>GameObject\UI\Base</Filter>
    </ClCompile>
    <ClCompile Include="yaUIAnimObject.cpp">
      <Filter>GameObject\UI\Base</Filter>
    </ClCompile>
    <ClCompile Include="yaTitleSceneStartUIButton.cpp">
      <Filter>GameObject\UI\TitleSceneStartMenu</Filter>
    </ClCompile>
    <ClCompile Include="yaTitleSceneOptionUIButton.cpp">
      <Filter>GameObject\UI\TitleSceneStartMenu</Filter>
    </ClCompile>
    <ClCompile Include="yaTitleSceneExitUIButton.cpp">
      <Filter>GameObject\UI\TitleSceneStartMenu</Filter>
    </ClCompile>
    <ClCompile Include="yaStartMenuPanel.cpp">
      <Filter>GameObject\UI\TitleSceneStartMenu</Filter>
    </ClCompile>
    <ClCompile Include="yaCharacterIcon.cpp">
      <Filter>GameObject\UI\CharacterSelectionMenu</Filter>
    </ClCompile>
    <ClCompile Include="yaCharacterInfo.cpp">
      <Filter>GameObject\UI\CharacterSelectionMenu</Filter>
    </ClCompile>
    <ClCompile Include="yaCharacterSelectionPanel.cpp">
      <Filter>GameObject\UI\CharacterSelectionMenu</Filter>
    </ClCompile>
    <ClCompile Include="yaCharacterWordButton.cpp">
      <Filter>GameObject\UI\CharacterSelectionMenu</Filter>
    </ClCompile>
    <ClCompile Include="yaStageSelectionPanel.cpp">
      <Filter>GameObject\UI\StageSelectionMenu</Filter>
    </ClCompile>
    <ClCompile Include="yaStageLibraryIcon.cpp">
      <Filter>GameObject\UI\StageSelectionMenu</Filter>
    </ClCompile>
    <ClCompile Include="yaHealthBar.cpp">
      <Filter>GameObject\UI\PlayInfoUI</Filter>
    </ClCompile>
    <ClCompile Include="yaPlaySceneHUDPanel.cpp">
      <Filter>GameObject\UI\PlayInfoUI</Filter>
    </ClCompile>
    <ClCompile Include="yaExpBar.cpp">
      <Filter>GameObject\UI\PlayInfoUI</Filter>
    </ClCompile>
    <ClCompile Include="yaWeaponBox.cpp">
      <Filter>GameObject\UI\PlayInfoUI</Filter>
    </ClCompile>
    <ClCompile Include="yaWeaponKnifeIcon.cpp">
      <Filter>GameObject\UI\PlayInfoUI</Filter>
    </ClCompile>
    <ClCompile Include="yaPlayScenePausedHUDPanel.cpp">
      <Filter>GameObject\UI\PauseUI</Filter>
    </ClCompile>
    <ClCompile Include="yaPauseWeaponInfoBox.cpp">
      <Filter>GameObject\UI\PauseUI</Filter>
    </ClCompile>
    <ClCompile Include="yaPausePlayerStartInfoBox.cpp">
      <Filter>GameObject\UI\PauseUI</Filter>
    </ClCompile>
    <ClCompile Include="yaPauseUIContinueButton.cpp">
      <Filter>GameObject\UI\PauseUI</Filter>
    </ClCompile>
    <ClCompile Include="yaPauseUIExitButton.cpp">
      <Filter>GameObject\UI\PauseUI</Filter>
    </ClCompile>
    <ClCompile Include="yaPlaySceneLevelUpHUDPanel.cpp">
      <Filter>GameObject\UI\LevelUpUI</Filter>
    </ClCompile>
    <ClCompile Include="yaLevelUpArrow.cpp">
      <Filter>GameObject\UI\LevelUpUI</Filter>
    </ClCompile>
    <ClCompile Include="yaPlayerLevelUpManager.cpp">
      <Filter>Manager</Filter>
    </ClCompile>
    <ClCompile Include="yaLevelUpHUDTop.cpp">
      <Filter>GameObject\UI\LevelUpUI</Filter>
    </ClCompile>
    <ClCompile Include="yaLevelUpHUDMid.cpp">
      <Filter>GameObject\UI\LevelUpUI</Filter>
    </ClCompile>
    <ClCompile Include="yaLevelUpHUDBot.cpp">
      <Filter>GameObject\UI\LevelUpUI</Filter>
    </ClCompile>
    <ClCompile Include="yaLevelUpHUD.cpp">
      <Filter>GameObject\UI\Base</Filter>
    </ClCompile>
    <ClCompile Include="yaPlayInfoIcon.cpp">
      <Filter>GameObject\UI\Base</Filter>
    </ClCompile>
    <ClCompile Include="yaLevelBoxIcon.cpp">
      <Filter>GameObject\UI\Base</Filter>
    </ClCompile>
    <ClCompile Include="yaAxe.cpp">
      <Filter>GameObject\Game\Weapon</Filter>
    </ClCompile>
    <ClCompile Include="yaFireWand.cpp">
      <Filter>GameObject\Game\Weapon</Filter>
    </ClCompile>
    <ClCompile Include="yaPausePlayerWeponHUDBox.cpp">
      <Filter>GameObject\UI\PauseUI</Filter>
    </ClCompile>
    <ClCompile Include="yaBGTitleImage.cpp">
      <Filter>GameObject\ImageObject</Filter>
    </ClCompile>
    <ClCompile Include="yaGameMapCollider.cpp">
      <Filter>GameObject\GameMapCollider</Filter>
    </ClCompile>
  </ItemGroup>
  <ItemGroup>
    <ResourceCompile Include="VampireSuvivorsProject.rc">
      <Filter>리소스 파일</Filter>
    </ResourceCompile>
  </ItemGroup>
  <ItemGroup>
    <Image Include="small.ico">
      <Filter>리소스 파일</Filter>
    </Image>
    <Image Include="VampireSuvivorsProject.ico">
      <Filter>리소스 파일</Filter>
    </Image>
  </ItemGroup>
</Project>